GEM
  remote: https://rubygems.org/
  specs:
    logger (1.7.0)
    prism (1.9.0)
    rbs (4.0.3)
      logger
      prism (>= 1.6.0)
      tsort
    tsort (0.2.0)

PLATFORMS
  arm64-darwin-24
  ruby

DEPENDENCIES
  rbs (= 4.0.3)

CHECKSUMS
  bundler (4.0.13) sha256=19f08be7f27022cf0b89f27da0b044ae075e8270a9ef44ad248a932614e1ca3b
  logger (1.7.0) sha256=196edec7cc44b66cfb40f9755ce11b392f21f7967696af15d274dde7edff0203
  prism (1.9.0) sha256=7b530c6a9f92c24300014919c9dcbc055bf4cdf51ec30aed099b06cd6674ef85
  rbs (4.0.3) sha256=5a7bf70e2628549d9a1f44eae447b2cfe55968a9c60cfff52693a4bdcc020e14
  tsort (0.2.0) sha256=9650a793f6859a43b6641671278f79cfead60ac714148aabe4e3f0060480089f

BUNDLED WITH
  4.0.13
